
Microsoft Visual Studio Solution File, Format Version 12.00
# Visual Studio 15
VisualStudioVersion = 15.0.28307.1169
MinimumVisualStudioVersion = 10.0.40219.1
Project("{FAE04EC0-301F-11D3-BF4B-00C04F79EFBC}") = "GitDemoApplication", "GitDemoApplication\GitDemoApplication.csproj", "{3999EF20-7150-432B-93B1-36ACAD060063}"
EndProject
Global
	GlobalSection(SolutionConfigurationPlatforms) = preSolution
		Debug|Any CPU = Debug|Any CPU
		Release|Any CPU = Release|Any CPU
	EndGlobalSection
	GlobalSection(ProjectConfigurationPlatforms) = postSolution
		{3999EF20-7150-432B-93B1-36ACAD060063}.Debug|Any CPU.ActiveCfg = Debug|Any CPU
		{3999EF20-7150-432B-93B1-36ACAD060063}.Debug|Any CPU.Build.0 = Debug|Any CPU
		{3999EF20-7150-432B-93B1-36ACAD060063}.Release|Any CPU.ActiveCfg = Release|Any CPU
		{3999EF20-7150-432B-93B1-36ACAD060063}.Release|Any CPU.Build.0 = Release|Any CPU
	EndGlobalSection
	GlobalSection(SolutionProperties) = preSolution
		HideSolutionNode = FALSE
	EndGlobalSection
	GlobalSection(ExtensibilityGlobals) = postSolution
		SolutionGuid = {8BA55D7D-A05D-47D9-9312-1245E76CF0DF}
	EndGlobalSection
EndGlobal
